
Microsoft Visual Studio Solution File, Format Version 12.00
# Visual Studio Version 17
VisualStudioVersion = 17.11.35208.52
MinimumVisualStudioVersion = 10.0.40219.1
Project("{9A19103F-16F7-4668-BE54-9A1E7A4F7556}") = "Krysburger.Web", "Krysburger.Web\Krysburger.Web.csproj", "{697C15C8-6484-48AC-A0BE-63EFE430815B}"
	ProjectSection(ProjectDependencies) = postProject
		{6521733C-509D-4D19-90DC-B6C81715AEA3} = {6521733C-509D-4D19-90DC-B6C81715AEA3}
		{974C910C-E0D3-488D-A7CA-304F8BF3DD3B} = {974C910C-E0D3-488D-A7CA-304F8BF3DD3B}
	EndProjectSection
EndProject
Project("{9A19103F-16F7-4668-BE54-9A1E7A4F7556}") = "Krysburger.BLL", "Krysburger.BLL\Krysburger.BLL.csproj", "{974C910C-E0D3-488D-A7CA-304F8BF3DD3B}"
	ProjectSection(ProjectDependencies) = postProject
		{6521733C-509D-4D19-90DC-B6C81715AEA3} = {6521733C-509D-4D19-90DC-B6C81715AEA3}
	EndProjectSection
EndProject
Project("{9A19103F-16F7-4668-BE54-9A1E7A4F7556}") = "Krysburger.Core", "Krysburger.Core\Krysburger.Core.csproj", "{6521733C-509D-4D19-90DC-B6C81715AEA3}"
EndProject
Project("{FAE04EC0-301F-11D3-BF4B-00C04F79EFBC}") = "Krysburger.DAL", "Krysburger.DAL\Krysburger.DAL.csproj", "{799FFC05-AE86-41A3-A1FA-861CB8AEF8B3}"
EndProject
Global
	GlobalSection(SolutionConfigurationPlatforms) = preSolution
		Debug|Any CPU = Debug|Any CPU
		Release|Any CPU = Release|Any CPU
	EndGlobalSection
	GlobalSection(ProjectConfigurationPlatforms) = postSolution
		{697C15C8-6484-48AC-A0BE-63EFE430815B}.Debug|Any CPU.ActiveCfg = Debug|Any CPU
		{697C15C8-6484-48AC-A0BE-63EFE430815B}.Debug|Any CPU.Build.0 = Debug|Any CPU
		{697C15C8-6484-48AC-A0BE-63EFE430815B}.Release|Any CPU.ActiveCfg = Release|Any CPU
		{697C15C8-6484-48AC-A0BE-63EFE430815B}.Release|Any CPU.Build.0 = Release|Any CPU
		{974C910C-E0D3-488D-A7CA-304F8BF3DD3B}.Debug|Any CPU.ActiveCfg = Debug|Any CPU
		{974C910C-E0D3-488D-A7CA-304F8BF3DD3B}.Debug|Any CPU.Build.0 = Debug|Any CPU
		{974C910C-E0D3-488D-A7CA-304F8BF3DD3B}.Release|Any CPU.ActiveCfg = Release|Any CPU
		{974C910C-E0D3-488D-A7CA-304F8BF3DD3B}.Release|Any CPU.Build.0 = Release|Any CPU
		{6521733C-509D-4D19-90DC-B6C81715AEA3}.Debug|Any CPU.ActiveCfg = Debug|Any CPU
		{6521733C-509D-4D19-90DC-B6C81715AEA3}.Debug|Any CPU.Build.0 = Debug|Any CPU
		{6521733C-509D-4D19-90DC-B6C81715AEA3}.Release|Any CPU.ActiveCfg = Release|Any CPU
		{6521733C-509D-4D19-90DC-B6C81715AEA3}.Release|Any CPU.Build.0 = Release|Any CPU
		{799FFC05-AE86-41A3-A1FA-861CB8AEF8B3}.Debug|Any CPU.ActiveCfg = Debug|Any CPU
		{799FFC05-AE86-41A3-A1FA-861CB8AEF8B3}.Debug|Any CPU.Build.0 = Debug|Any CPU
		{799FFC05-AE86-41A3-A1FA-861CB8AEF8B3}.Release|Any CPU.ActiveCfg = Release|Any CPU
		{799FFC05-AE86-41A3-A1FA-861CB8AEF8B3}.Release|Any CPU.Build.0 = Release|Any CPU
	EndGlobalSection
	GlobalSection(SolutionProperties) = preSolution
		HideSolutionNode = FALSE
	EndGlobalSection
	GlobalSection(ExtensibilityGlobals) = postSolution
		SolutionGuid = {13B0DFBA-84AE-4129-858B-34E047C4F099}
	EndGlobalSection
EndGlobal
